
Microsoft Visual Studio Solution File, Format Version 11.00
# Visual Studio 2010
Project("{FAE04EC0-301F-11D3-BF4B-00C04F79EFBC}") = "MENU-ERPLX", "MENU-ERPLX.csproj", "{8D34D394-B9B3-4CAE-8C0E-3F4921B437E3}"
EndProject
Global
	GlobalSection(SolutionConfigurationPlatforms) = preSolution
		Debug|Any CPU = Debug|Any CPU
		Release|Any CPU = Release|Any CPU
	EndGlobalSection
	GlobalSection(ProjectConfigurationPlatforms) = postSolution
		{8D34D394-B9B3-4CAE-8C0E-3F4921B437E3}.Debug|Any CPU.ActiveCfg = Debug|Any CPU
		{8D34D394-B9B3-4CAE-8C0E-3F4921B437E3}.Debug|Any CPU.Build.0 = Debug|Any CPU
		{8D34D394-B9B3-4CAE-8C0E-3F4921B437E3}.Release|Any CPU.ActiveCfg = Release|Any CPU
		{8D34D394-B9B3-4CAE-8C0E-3F4921B437E3}.Release|Any CPU.Build.0 = Release|Any CPU
	EndGlobalSection
	GlobalSection(SolutionProperties) = preSolution
		HideSolutionNode = FALSE
	EndGlobalSection
EndGlobal
