
Microsoft Visual Studio Solution File, Format Version 11.00
# Visual Studio 2010
Project("{FAE04EC0-301F-11D3-BF4B-00C04F79EFBC}") = "CIEPR5", "CIEPR5.csproj", "{6CB4B796-67EB-419B-96E3-FBFFACD0BDB6}"
EndProject
Global
	GlobalSection(SolutionConfigurationPlatforms) = preSolution
		Debug|Any CPU = Debug|Any CPU
		Release|Any CPU = Release|Any CPU
	EndGlobalSection
	GlobalSection(ProjectConfigurationPlatforms) = postSolution
		{6CB4B796-67EB-419B-96E3-FBFFACD0BDB6}.Debug|Any CPU.ActiveCfg = Debug|Any CPU
		{6CB4B796-67EB-419B-96E3-FBFFACD0BDB6}.Debug|Any CPU.Build.0 = Debug|Any CPU
		{6CB4B796-67EB-419B-96E3-FBFFACD0BDB6}.Release|Any CPU.ActiveCfg = Release|Any CPU
		{6CB4B796-67EB-419B-96E3-FBFFACD0BDB6}.Release|Any CPU.Build.0 = Release|Any CPU
	EndGlobalSection
	GlobalSection(SolutionProperties) = preSolution
		HideSolutionNode = FALSE
	EndGlobalSection
EndGlobal
