
Microsoft Visual Studio Solution File, Format Version 11.00
# Visual Studio 2010
Project("{FAE04EC0-301F-11D3-BF4B-00C04F79EFBC}") = "ACRP99", "ACRP99.csproj", "{50AD83D5-967D-4878-ACF2-D733B42E0638}"
EndProject
Global
	GlobalSection(SolutionConfigurationPlatforms) = preSolution
		Debug|Any CPU = Debug|Any CPU
		Release|Any CPU = Release|Any CPU
	EndGlobalSection
	GlobalSection(ProjectConfigurationPlatforms) = postSolution
		{50AD83D5-967D-4878-ACF2-D733B42E0638}.Debug|Any CPU.ActiveCfg = Debug|Any CPU
		{50AD83D5-967D-4878-ACF2-D733B42E0638}.Debug|Any CPU.Build.0 = Debug|Any CPU
		{50AD83D5-967D-4878-ACF2-D733B42E0638}.Release|Any CPU.ActiveCfg = Release|Any CPU
		{50AD83D5-967D-4878-ACF2-D733B42E0638}.Release|Any CPU.Build.0 = Release|Any CPU
	EndGlobalSection
	GlobalSection(SolutionProperties) = preSolution
		HideSolutionNode = FALSE
	EndGlobalSection
EndGlobal
